{
  "name": "networkteam.neos.shariff",
  "version": "1.0.0",
  "lockfileVersion": 1,
  "requires": true,
  "dependencies": {
    "@fortawesome/fontawesome-free": {
      "version": "5.15.4",
      "resolved": "https://registry.npmjs.org/@fortawesome/fontawesome-free/-/fontawesome-free-5.15.4.tgz",
      "integrity": "sha512-eYm8vijH/hpzr/6/1CJ/V/Eb1xQFW2nnUKArb3z+yUWv7HTwj6M7SP957oMjfZjAHU6qpoNc2wQvIxBLWYa/Jg=="
    },
    "jquery": {
      "version": "3.6.1",
      "resolved": "https://registry.npmjs.org/jquery/-/jquery-3.6.1.tgz",
      "integrity": "sha512-opJeO4nCucVnsjiXOE+/PcCgYw9Gwpvs/a6B1LL/lQhwWwpbVEVYDZ1FokFr8PRc7ghYlrFPuyHuiiDNTQxmcw=="
    },
    "shariff-plus": {
      "version": "git+https://github.com/lcherpit/shariff-plus.git#524ad6f4643678c52b0073644355c42d39dc07fa",
      "from": "git+https://github.com/lcherpit/shariff-plus.git#0.1.0",
      "requires": {
        "@fortawesome/fontawesome-free": "^5.8.2",
        "jquery": "^3.4.1"
      }
    }
  }
}
